PODS:
  - Flutter (1.0.0)
  - flutter_pngdefry_ffi (0.0.1):
    - Flutter

DEPENDENCIES:
  - Flutter (from `Flutter`)
  - flutter_pngdefry_ffi (from `.symlinks/plugins/flutter_pngdefry_ffi/ios`)

EXTERNAL SOURCES:
  Flutter:
    :path: Flutter
  flutter_pngdefry_ffi:
    :path: ".symlinks/plugins/flutter_pngdefry_ffi/ios"

SPEC CHECKSUMS:
  Flutter: e0871f40cf51350855a761d2e70bf5af5b9b5de7
  flutter_pngdefry_ffi: 084c795a61233ba52c3a58c73d15c92ad00cb2a5

PODFILE CHECKSUM: 819463e6a0290f5a72f145ba7cde16e8b6ef0796

COCOAPODS: 1.15.2
